
Microsoft Visual Studio Solution File, Format Version 12.00
# Visual Studio 15
VisualStudioVersion = 15.0.28307.329
MinimumVisualStudioVersion = 10.0.40219.1
Project("{FAE04EC0-301F-11D3-BF4B-00C04F79EFBC}") = "w", "w\w.csproj", "{AFE1E78F-6358-41C9-8699-475109C4012B}"
EndProject
Global
	GlobalSection(SolutionConfigurationPlatforms) = preSolution
		Debug|Any CPU = Debug|Any CPU
		Release|Any CPU = Release|Any CPU
	EndGlobalSection
	GlobalSection(ProjectConfigurationPlatforms) = postSolution
		{AFE1E78F-6358-41C9-8699-475109C4012B}.Debug|Any CPU.ActiveCfg = Debug|Any CPU
		{AFE1E78F-6358-41C9-8699-475109C4012B}.Debug|Any CPU.Build.0 = Debug|Any CPU
		{AFE1E78F-6358-41C9-8699-475109C4012B}.Release|Any CPU.ActiveCfg = Release|Any CPU
		{AFE1E78F-6358-41C9-8699-475109C4012B}.Release|Any CPU.Build.0 = Release|Any CPU
	EndGlobalSection
	GlobalSection(SolutionProperties) = preSolution
		HideSolutionNode = FALSE
	EndGlobalSection
	GlobalSection(ExtensibilityGlobals) = postSolution
		SolutionGuid = {A55E08F1-7E1A-4077-8E59-76D5214610B2}
	EndGlobalSection
EndGlobal
