
Microsoft Visual Studio Solution File, Format Version 12.00
# Visual Studio 15
VisualStudioVersion = 15.0.28307.329
MinimumVisualStudioVersion = 10.0.40219.1
Project("{FAE04EC0-301F-11D3-BF4B-00C04F79EFBC}") = "Penggajian Karyawan", "Penggajian Karyawan\Penggajian Karyawan.csproj", "{8EC82C17-BBF2-4C72-A558-51A3D9E9EB4D}"
EndProject
Global
	GlobalSection(SolutionConfigurationPlatforms) = preSolution
		Debug|Any CPU = Debug|Any CPU
		Release|Any CPU = Release|Any CPU
	EndGlobalSection
	GlobalSection(ProjectConfigurationPlatforms) = postSolution
		{8EC82C17-BBF2-4C72-A558-51A3D9E9EB4D}.Debug|Any CPU.ActiveCfg = Debug|Any CPU
		{8EC82C17-BBF2-4C72-A558-51A3D9E9EB4D}.Debug|Any CPU.Build.0 = Debug|Any CPU
		{8EC82C17-BBF2-4C72-A558-51A3D9E9EB4D}.Release|Any CPU.ActiveCfg = Release|Any CPU
		{8EC82C17-BBF2-4C72-A558-51A3D9E9EB4D}.Release|Any CPU.Build.0 = Release|Any CPU
	EndGlobalSection
	GlobalSection(SolutionProperties) = preSolution
		HideSolutionNode = FALSE
	EndGlobalSection
	GlobalSection(ExtensibilityGlobals) = postSolution
		SolutionGuid = {ABAA5689-3B3F-446F-A0FF-17B6B97BEA89}
	EndGlobalSection
EndGlobal
