
Microsoft Visual Studio Solution File, Format Version 12.00
# Visual Studio 15
VisualStudioVersion = 15.0.28307.329
MinimumVisualStudioVersion = 10.0.40219.1
Project("{FAE04EC0-301F-11D3-BF4B-00C04F79EFBC}") = "WinFormSatu", "WinFormSatu\WinFormSatu.csproj", "{C76BAD1F-493B-4DCF-84D7-EF0AA144C3C0}"
EndProject
Global
	GlobalSection(SolutionConfigurationPlatforms) = preSolution
		Debug|Any CPU = Debug|Any CPU
		Release|Any CPU = Release|Any CPU
	EndGlobalSection
	GlobalSection(ProjectConfigurationPlatforms) = postSolution
		{C76BAD1F-493B-4DCF-84D7-EF0AA144C3C0}.Debug|Any CPU.ActiveCfg = Debug|Any CPU
		{C76BAD1F-493B-4DCF-84D7-EF0AA144C3C0}.Debug|Any CPU.Build.0 = Debug|Any CPU
		{C76BAD1F-493B-4DCF-84D7-EF0AA144C3C0}.Release|Any CPU.ActiveCfg = Release|Any CPU
		{C76BAD1F-493B-4DCF-84D7-EF0AA144C3C0}.Release|Any CPU.Build.0 = Release|Any CPU
	EndGlobalSection
	GlobalSection(SolutionProperties) = preSolution
		HideSolutionNode = FALSE
	EndGlobalSection
	GlobalSection(ExtensibilityGlobals) = postSolution
		SolutionGuid = {4C33B43E-CA00-44CD-93E8-D417A70D8DD8}
	EndGlobalSection
EndGlobal
